// !$*UTF8*$!
{
	archiveVersion = 1;
	classes = {
	};
	objectVersion = 46;
	objects = {

/* Begin PBXBuildFile section */
		367A6D601D970A4D00810F0B /* AppDelegate.swift in Sources */ = {isa = PBXBuildFile; fileRef = 367A6D5F1D970A4D00810F0B /* AppDelegate.swift */; };
		367A6D621D970A4D00810F0B /* DRHTableViewController.swift in Sources */ = {isa = PBXBuildFile; fileRef = 367A6D611D970A4D00810F0B /* DRHTableViewController.swift */; };
		367A6D651D970A4D00810F0B /* DRHTableViewController.storyboard in Resources */ = {isa = PBXBuildFile; fileRef = 367A6D631D970A4D00810F0B /* DRHTableViewController.storyboard */; };
		367A6D671D970A4D00810F0B /* Assets.xcassets in Resources */ = {isa = PBXBuildFile; fileRef = 367A6D661D970A4D00810F0B /* Assets.xcassets */; };
		367A6D6A1D970A4D00810F0B /* LaunchScreen.storyboard in Resources */ = {isa = PBXBuildFile; fileRef = 367A6D681D970A4D00810F0B /* LaunchScreen.storyboard */; };
		367A6D731D970BAE00810F0B /* DRHTableViewCell.swift in Sources */ = {isa = PBXBuildFile; fileRef = 367A6D711D970BAE00810F0B /* DRHTableViewCell.swift */; };
		367A6D741D970BAE00810F0B /* DRHTableViewCell.xib in Resources */ = {isa = PBXBuildFile; fileRef = 367A6D721D970BAE00810F0B /* DRHTableViewCell.xib */; };
		367A6D761D9710CD00810F0B /* DRHTableViewDataModelItem.swift in Sources */ = {isa = PBXBuildFile; fileRef = 367A6D751D9710CD00810F0B /* DRHTableViewDataModelItem.swift */; };
		367A6D781D976D9300810F0B /* DRHTableViewDataModel.swift in Sources */ = {isa = PBXBuildFile; fileRef = 367A6D771D976D9300810F0B /* DRHTableViewDataModel.swift */; };
/* End PBXBuildFile section */

/* Begin PBXFileReference section */
		367A6D5C1D970A4D00810F0B /* DRHTableViewTutorial.app */ = {isa = PBXFileReference; explicitFileType = wrapper.application; includeInIndex = 0; path = DRHTableViewTutorial.app; sourceTree = BUILT_PRODUCTS_DIR; };
		367A6D5F1D970A4D00810F0B /* AppDelegate.swift */ = {isa = PBXFileReference; lastKnownFileType = sourcecode.swift; path = AppDelegate.swift; sourceTree = "<group>"; };
		367A6D611D970A4D00810F0B /* DRHTableViewController.swift */ = {isa = PBXFileReference; lastKnownFileType = sourcecode.swift; path = DRHTableViewController.swift; sourceTree = "<group>"; };
		367A6D641D970A4D00810F0B /* Base */ = {isa = PBXFileReference; lastKnownFileType = file.storyboard; name = Base; path = Base.lproj/DRHTableViewController.storyboard; sourceTree = "<group>"; };
		367A6D661D970A4D00810F0B /* Assets.xcassets */ = {isa = PBXFileReference; lastKnownFileType = folder.assetcatalog; path = Assets.xcassets; sourceTree = "<group>"; };
		367A6D691D970A4D00810F0B /* Base */ = {isa = PBXFileReference; lastKnownFileType = file.storyboard; name = Base; path = Base.lproj/LaunchScreen.storyboard; sourceTree = "<group>"; };
		367A6D6B1D970A4D00810F0B /* Info.plist */ = {isa = PBXFileReference; lastKnownFileType = text.plist.xml; path = Info.plist; sourceTree = "<group>"; };
		367A6D711D970BAE00810F0B /* DRHTableViewCell.swift */ = {isa = PBXFileReference; fileEncoding = 4; lastKnownFileType = sourcecode.swift; path = DRHTableViewCell.swift; sourceTree = "<group>"; };
		367A6D721D970BAE00810F0B /* DRHTableViewCell.xib */ = {isa = PBXFileReference; fileEncoding = 4; lastKnownFileType = file.xib; path = DRHTableViewCell.xib; sourceTree = "<group>"; };
		367A6D751D9710CD00810F0B /* DRHTableViewDataModelItem.swift */ = {isa = PBXFileReference; fileEncoding = 4; lastKnownFileType = sourcecode.swift; path = DRHTableViewDataModelItem.swift; sourceTree = "<group>"; };
		367A6D771D976D9300810F0B /* DRHTableViewDataModel.swift */ = {isa = PBXFileReference; fileEncoding = 4; lastKnownFileType = sourcecode.swift; path = DRHTableViewDataModel.swift; sourceTree = "<group>"; };
/* End PBXFileReference section */

/* Begin PBXFrameworksBuildPhase section */
		367A6D591D970A4D00810F0B /* Frameworks */ = {
			isa = PBXFrameworksBuildPhase;
			buildActionMask = 2147483647;
			files = (
			);
			runOnlyForDeploymentPostprocessing = 0;
		};
/* End PBXFrameworksBuildPhase section */

/* Begin PBXGroup section */
		367A6D531D970A4D00810F0B = {
			isa = PBXGroup;
			children = (
				367A6D5E1D970A4D00810F0B /* DRHTableViewTutorial */,
				367A6D5D1D970A4D00810F0B /* Products */,
			);
			sourceTree = "<group>";
		};
		367A6D5D1D970A4D00810F0B /* Products */ = {
			isa = PBXGroup;
			children = (
				367A6D5C1D970A4D00810F0B /* DRHTableViewTutorial.app */,
			);
			name = Products;
			sourceTree = "<group>";
		};
		367A6D5E1D970A4D00810F0B /* DRHTableViewTutorial */ = {
			isa = PBXGroup;
			children = (
				367A6D5F1D970A4D00810F0B /* AppDelegate.swift */,
				367A6D611D970A4D00810F0B /* DRHTableViewController.swift */,
				367A6D631D970A4D00810F0B /* DRHTableViewController.storyboard */,
				367A6D661D970A4D00810F0B /* Assets.xcassets */,
				367A6D681D970A4D00810F0B /* LaunchScreen.storyboard */,
				367A6D6B1D970A4D00810F0B /* Info.plist */,
				367A6D711D970BAE00810F0B /* DRHTableViewCell.swift */,
				367A6D721D970BAE00810F0B /* DRHTableViewCell.xib */,
				367A6D751D9710CD00810F0B /* DRHTableViewDataModelItem.swift */,
				367A6D771D976D9300810F0B /* DRHTableViewDataModel.swift */,
			);
			path = DRHTableViewTutorial;
			sourceTree = "<group>";
		};
/* End PBXGroup section */

/* Begin PBXNativeTarget section */
		367A6D5B1D970A4D00810F0B /* DRHTableViewTutorial */ = {
			isa = PBXNativeTarget;
			buildConfigurationList = 367A6D6E1D970A4D00810F0B /* Build configuration list for PBXNativeTarget "DRHTableViewTutorial" */;
			buildPhases = (
				367A6D581D970A4D00810F0B /* Sources */,
				367A6D591D970A4D00810F0B /* Frameworks */,
				367A6D5A1D970A4D00810F0B /* Resources */,
			);
			buildRules = (
			);
			dependencies = (
			);
			name = DRHTableViewTutorial;
			productName = DRHTableViewTutorial;
			productReference = 367A6D5C1D970A4D00810F0B /* DRHTableViewTutorial.app */;
			productType = "com.apple.product-type.application";
		};
/* End PBXNativeTarget section */

/* Begin PBXProject section */
		367A6D541D970A4D00810F0B /* Project object */ = {
			isa = PBXProject;
			attributes = {
				LastSwiftUpdateCheck = 0800;
				LastUpgradeCheck = 0800;
				ORGANIZATIONNAME = "Stanislav Ostrovskiy";
				TargetAttributes = {
					367A6D5B1D970A4D00810F0B = {
						CreatedOnToolsVersion = 8.0;
						DevelopmentTeam = 3H89K5EAY2;
						ProvisioningStyle = Automatic;
					};
				};
			};
			buildConfigurationList = 367A6D571D970A4D00810F0B /* Build configuration list for PBXProject "DRHTableViewTutorial" */;
			compatibilityVersion = "Xcode 3.2";
			developmentRegion = English;
			hasScannedForEncodings = 0;
			knownRegions = (
				en,
				Base,
			);
			mainGroup = 367A6D531D970A4D00810F0B;
			productRefGroup = 367A6D5D1D970A4D00810F0B /* Products */;
			projectDirPath = "";
			projectRoot = "";
			targets = (
				367A6D5B1D970A4D00810F0B /* DRHTableViewTutorial */,
			);
		};
/* End PBXProject section */

/* Begin PBXResourcesBuildPhase section */
		367A6D5A1D970A4D00810F0B /* Resources */ = {
			isa = PBXResourcesBuildPhase;
			buildActionMask = 2147483647;
			files = (
				367A6D6A1D970A4D00810F0B /* LaunchScreen.storyboard in Resources */,
				367A6D671D970A4D00810F0B /* Assets.xcassets in Resources */,
				367A6D741D970BAE00810F0B /* DRHTableViewCell.xib in Resources */,
				367A6D651D970A4D00810F0B /* DRHTableViewController.storyboard in Resources */,
			);
			runOnlyForDeploymentPostprocessing = 0;
		};
/* End PBXResourcesBuildPhase section */

/* Begin PBXSourcesBuildPhase section */
		367A6D581D970A4D00810F0B /* Sources */ = {
			isa = PBXSourcesBuildPhase;
			buildActionMask = 2147483647;
			files = (
				367A6D781D976D9300810F0B /* DRHTableViewDataModel.swift in Sources */,
				367A6D621D970A4D00810F0B /* DRHTableViewController.swift in Sources */,
				367A6D761D9710CD00810F0B /* DRHTableViewDataModelItem.swift in Sources */,
				367A6D601D970A4D00810F0B /* AppDelegate.swift in Sources */,
				367A6D731D970BAE00810F0B /* DRHTableViewCell.swift in Sources */,
			);
			runOnlyForDeploymentPostprocessing = 0;
		};
/* End PBXSourcesBuildPhase section */

/* Begin PBXVariantGroup section */
		367A6D631D970A4D00810F0B /* DRHTableViewController.storyboard */ = {
			isa = PBXVariantGroup;
			children = (
				367A6D641D970A4D00810F0B /* Base */,
			);
			name = DRHTableViewController.storyboard;
			sourceTree = "<group>";
		};
		367A6D681D970A4D00810F0B /* LaunchScreen.storyboard */ = {
			isa = PBXVariantGroup;
			children = (
				367A6D691D970A4D00810F0B /* Base */,
			);
			name = LaunchScreen.storyboard;
			sourceTree = "<group>";
		};
/* End PBXVariantGroup section */

/* Begin XCBuildConfiguration section */
		367A6D6C1D970A4D00810F0B /* Debug */ = {
			isa = XCBuildConfiguration;
			buildSettings = {
				ALWAYS_SEARCH_USER_PATHS = NO;
				CLANG_ANALYZER_NONNULL = YES;
				CLANG_CXX_LANGUAGE_STANDARD = "gnu++0x";
				CLANG_CXX_LIBRARY = "libc++";
				CLANG_ENABLE_MODULES = YES;
				CLANG_ENABLE_OBJC_ARC = YES;
				CLANG_WARN_BOOL_CONVERSION = YES;
				CLANG_WARN_CONSTANT_CONVERSION = YES;
				CLANG_WARN_DIRECT_OBJC_ISA_USAGE = YES_ERROR;
				CLANG_WARN_DOCUMENTATION_COMMENTS = YES;
				CLANG_WARN_EMPTY_BODY = YES;
				CLANG_WARN_ENUM_CONVERSION = YES;
				CLANG_WARN_INFINITE_RECURSION = YES;
				CLANG_WARN_INT_CONVERSION = YES;
				CLANG_WARN_OBJC_ROOT_CLASS = YES_ERROR;
				CLANG_WARN_SUSPICIOUS_MOVES = YES;
				CLANG_WARN_UNREACHABLE_CODE = YES;
				CLANG_WARN__DUPLICATE_METHOD_MATCH = YES;
				"CODE_SIGN_IDENTITY[sdk=iphoneos*]" = "iPhone Developer";
				COPY_PHASE_STRIP = NO;
				DEBUG_INFORMATION_FORMAT = dwarf;
				ENABLE_STRICT_OBJC_MSGSEND = YES;
				ENABLE_TESTABILITY = YES;
				GCC_C_LANGUAGE_STANDARD = gnu99;
				GCC_DYNAMIC_NO_PIC = NO;
				GCC_NO_COMMON_BLOCKS = YES;
				GCC_OPTIMIZATION_LEVEL = 0;
				GCC_PREPROCESSOR_DEFINITIONS = (
					"DEBUG=1",
					"$(inherited)",
				);
				GCC_WARN_64_TO_32_BIT_CONVERSION = YES;
				GCC_WARN_ABOUT_RETURN_TYPE = YES_ERROR;
				GCC_WARN_UNDECLARED_SELECTOR = YES;
				GCC_WARN_UNINITIALIZED_AUTOS = YES_AGGRESSIVE;
				GCC_WARN_UNUSED_FUNCTION = YES;
				GCC_WARN_UNUSED_VARIABLE = YES;
				IPHONEOS_DEPLOYMENT_TARGET = 10.0;
				MTL_ENABLE_DEBUG_INFO = YES;
				ONLY_ACTIVE_ARCH = YES;
				SDKROOT = iphoneos;
				SWIFT_ACTIVE_COMPILATION_CONDITIONS = DEBUG;
				SWIFT_OPTIMIZATION_LEVEL = "-Onone";
			};
			name = Debug;
		};
		367A6D6D1D970A4D00810F0B /* Release */ = {
			isa = XCBuildConfiguration;
			buildSettings = {
				ALWAYS_SEARCH_USER_PATHS = NO;
				CLANG_ANALYZER_NONNULL = YES;
				CLANG_CXX_LANGUAGE_STANDARD = "gnu++0x";
				CLANG_CXX_LIBRARY = "libc++";
				CLANG_ENABLE_MODULES = YES;
				CLANG_ENABLE_OBJC_ARC = YES;
				CLANG_WARN_BOOL_CONVERSION = YES;
				CLANG_WARN_CONSTANT_CONVERSION = YES;
				CLANG_WARN_DIRECT_OBJC_ISA_USAGE = YES_ERROR;
				CLANG_WARN_DOCUMENTATION_COMMENTS = YES;
				CLANG_WARN_EMPTY_BODY = YES;
				CLANG_WARN_ENUM_CONVERSION = YES;
				CLANG_WARN_INFINITE_RECURSION = YES;
				CLANG_WARN_INT_CONVERSION = YES;
				CLANG_WARN_OBJC_ROOT_CLASS = YES_ERROR;
				CLANG_WARN_SUSPICIOUS_MOVES = YES;
				CLANG_WARN_UNREACHABLE_CODE = YES;
				CLANG_WARN__DUPLICATE_METHOD_MATCH = YES;
				"CODE_SIGN_IDENTITY[sdk=iphoneos*]" = "iPhone Developer";
				COPY_PHASE_STRIP = NO;
				DEBUG_INFORMATION_FORMAT = "dwarf-with-dsym";
				ENABLE_NS_ASSERTIONS = NO;
				ENABLE_STRICT_OBJC_MSGSEND = YES;
				GCC_C_LANGUAGE_STANDARD = gnu99;
				GCC_NO_COMMON_BLOCKS = YES;
				GCC_WARN_64_TO_32_BIT_CONVERSION = YES;
				GCC_WARN_ABOUT_RETURN_TYPE = YES_ERROR;
				GCC_WARN_UNDECLARED_SELECTOR = YES;
				GCC_WARN_UNINITIALIZED_AUTOS = YES_AGGRESSIVE;
				GCC_WARN_UNUSED_FUNCTION = YES;
				GCC_WARN_UNUSED_VARIABLE = YES;
				IPHONEOS_DEPLOYMENT_TARGET = 10.0;
				MTL_ENABLE_DEBUG_INFO = NO;
				SDKROOT = iphoneos;
				SWIFT_OPTIMIZATION_LEVEL = "-Owholemodule";
				VALIDATE_PRODUCT = YES;
			};
			name = Release;
		};
		367A6D6F1D970A4D00810F0B /* Debug */ = {
			isa = XCBuildConfiguration;
			buildSettings = {
				ASSETCATALOG_COMPILER_APPICON_NAME = AppIcon;
				DEVELOPMENT_TEAM = 3H89K5EAY2;
				INFOPLIST_FILE = DRHTableViewTutorial/Info.plist;
				LD_RUNPATH_SEARCH_PATHS = "$(inherited) @executable_path/Frameworks";
				PRODUCT_BUNDLE_IDENTIFIER = com.stan.ostrovskiy.DRHTableViewTutorial;
				PRODUCT_NAME = "$(TARGET_NAME)";
				SWIFT_VERSION = 3.0;
			};
			name = Debug;
		};
		367A6D701D970A4D00810F0B /* Release */ = {
			isa = XCBuildConfiguration;
			buildSettings = {
				ASSETCATALOG_COMPILER_APPICON_NAME = AppIcon;
				DEVELOPMENT_TEAM = 3H89K5EAY2;
				INFOPLIST_FILE = DRHTableViewTutorial/Info.plist;
				LD_RUNPATH_SEARCH_PATHS = "$(inherited) @executable_path/Frameworks";
				PRODUCT_BUNDLE_IDENTIFIER = com.stan.ostrovskiy.DRHTableViewTutorial;
				PRODUCT_NAME = "$(TARGET_NAME)";
				SWIFT_VERSION = 3.0;
			};
			name = Release;
		};
/* End XCBuildConfiguration section */

/* Begin XCConfigurationList section */
		367A6D571D970A4D00810F0B /* Build configuration list for PBXProject "DRHTableViewTutorial" */ = {
			isa = XCConfigurationList;
			buildConfigurations = (
				367A6D6C1D970A4D00810F0B /* Debug */,
				367A6D6D1D970A4D00810F0B /* Release */,
			);
			defaultConfigurationIsVisible = 0;
			defaultConfigurationName = Release;
		};
		367A6D6E1D970A4D00810F0B /* Build configuration list for PBXNativeTarget "DRHTableViewTutorial" */ = {
			isa = XCConfigurationList;
			buildConfigurations = (
				367A6D6F1D970A4D00810F0B /* Debug */,
				367A6D701D970A4D00810F0B /* Release */,
			);
			defaultConfigurationIsVisible = 0;
		};
/* End XCConfigurationList section */
	};
	rootObject = 367A6D541D970A4D00810F0B /* Project object */;
}
